Microsoft Visual Studio Solution File, Format Version 10.00
# Visual Studio 2008
Project("{8BC9CEB8-8B4A-11D0-8D11-00A0C91BC942}") = "otitemeditor", "otitemeditor.vcproj", "{A75AE08F-B58C-46D7-AC73-4E4EEC60CEA9}"
EndProject
Global
	GlobalSection(SolutionConfigurationPlatforms) = preSolution
		Debug|Win32 = Debug|Win32
		Release|Win32 = Release|Win32
	EndGlobalSection
	GlobalSection(ProjectConfigurationPlatforms) = postSolution
		{A75AE08F-B58C-46D7-AC73-4E4EEC60CEA9}.Debug|Win32.ActiveCfg = Debug|Win32
		{A75AE08F-B58C-46D7-AC73-4E4EEC60CEA9}.Debug|Win32.Build.0 = Debug|Win32
		{A75AE08F-B58C-46D7-AC73-4E4EEC60CEA9}.Release|Win32.ActiveCfg = Release|Win32
		{A75AE08F-B58C-46D7-AC73-4E4EEC60CEA9}.Release|Win32.Build.0 = Release|Win32
	EndGlobalSection
	GlobalSection(SolutionProperties) = preSolution
		HideSolutionNode = FALSE
	EndGlobalSection
EndGlobal
