
Microsoft Visual Studio Solution File, Format Version 11.00
# Visual C# Express 2010
Project("{FAE04EC0-301F-11D3-BF4B-00C04F79EFBC}") = "otitemeditor", "otitemeditor.csproj", "{9A90BE1A-4A8F-4BFE-92E7-2C0EF64D850C}"
	ProjectSection(ProjectDependencies) = postProject
		{3624E915-FB86-4DDB-ACA6-A2313F70BA9C} = {3624E915-FB86-4DDB-ACA6-A2313F70BA9C}
		{4624E915-FB86-4DDB-ACA6-A2313F70BA9C} = {4624E915-FB86-4DDB-ACA6-A2313F70BA9C}
		{2FBAC16E-457D-472B-880D-8D393F8A7827} = {2FBAC16E-457D-472B-880D-8D393F8A7827}
	EndProjectSection
EndProject
Project("{FAE04EC0-301F-11D3-BF4B-00C04F79EFBC}") = "PluginInterface", "PluginInterface\PluginInterface.csproj", "{CEF21172-258C-4D0D-B024-ED7EF99612A2}"
EndProject
Project("{FAE04EC0-301F-11D3-BF4B-00C04F79EFBC}") = "plugin850", "Plugin850\plugin850.csproj", "{4624E915-FB86-4DDB-ACA6-A2313F70BA9C}"
EndProject
Project("{FAE04EC0-301F-11D3-BF4B-00C04F79EFBC}") = "plugin860", "Plugin860\plugin860.csproj", "{3624E915-FB86-4DDB-ACA6-A2313F70BA9C}"
EndProject
Project("{FAE04EC0-301F-11D3-BF4B-00C04F79EFBC}") = "plugin872", "Plugin872\plugin872.csproj", "{F1A9A849-66BA-4B7D-AE69-A896B5893418}"
EndProject
Project("{FAE04EC0-301F-11D3-BF4B-00C04F79EFBC}") = "plugin900", "Plugin900\plugin900.csproj", "{F1A9A849-66BA-4B7D-AE69-A896B5893419}"
EndProject
Project("{FAE04EC0-301F-11D3-BF4B-00C04F79EFBC}") = "plugin940", "Plugin940\plugin940.csproj", "{F1A9A849-66BA-4B7D-AE69-A896B5893419}"
EndProject
Project("{FAE04EC0-301F-11D3-BF4B-00C04F79EFBC}") = "ImageSimilarity", "ImageSimilarity\ImageSimilarity.csproj", "{2FBAC16E-457D-472B-880D-8D393F8A7827}"
EndProject
Global
	GlobalSection(SolutionConfigurationPlatforms) = preSolution
		Debug|Any CPU = Debug|Any CPU
		Debug|Mixed Platforms = Debug|Mixed Platforms
		Debug|x86 = Debug|x86
		Release|Any CPU = Release|Any CPU
		Release|Mixed Platforms = Release|Mixed Platforms
		Release|x86 = Release|x86
	EndGlobalSection
	GlobalSection(ProjectConfigurationPlatforms) = postSolution
		{9A90BE1A-4A8F-4BFE-92E7-2C0EF64D850C}.Debug|Any CPU.ActiveCfg = Debug|x86
		{9A90BE1A-4A8F-4BFE-92E7-2C0EF64D850C}.Debug|Mixed Platforms.ActiveCfg = Debug|x86
		{9A90BE1A-4A8F-4BFE-92E7-2C0EF64D850C}.Debug|Mixed Platforms.Build.0 = Debug|x86
		{9A90BE1A-4A8F-4BFE-92E7-2C0EF64D850C}.Debug|x86.ActiveCfg = Debug|x86
		{9A90BE1A-4A8F-4BFE-92E7-2C0EF64D850C}.Debug|x86.Build.0 = Debug|x86
		{9A90BE1A-4A8F-4BFE-92E7-2C0EF64D850C}.Release|Any CPU.ActiveCfg = Release|x86
		{9A90BE1A-4A8F-4BFE-92E7-2C0EF64D850C}.Release|Mixed Platforms.ActiveCfg = Release|x86
		{9A90BE1A-4A8F-4BFE-92E7-2C0EF64D850C}.Release|Mixed Platforms.Build.0 = Release|x86
		{9A90BE1A-4A8F-4BFE-92E7-2C0EF64D850C}.Release|x86.ActiveCfg = Release|x86
		{9A90BE1A-4A8F-4BFE-92E7-2C0EF64D850C}.Release|x86.Build.0 = Release|x86
		{CEF21172-258C-4D0D-B024-ED7EF99612A2}.Debug|Any CPU.ActiveCfg = Debug|Any CPU
		{CEF21172-258C-4D0D-B024-ED7EF99612A2}.Debug|Any CPU.Build.0 = Debug|Any CPU
		{CEF21172-258C-4D0D-B024-ED7EF99612A2}.Debug|Mixed Platforms.ActiveCfg = Debug|Any CPU
		{CEF21172-258C-4D0D-B024-ED7EF99612A2}.Debug|Mixed Platforms.Build.0 = Debug|Any CPU
		{CEF21172-258C-4D0D-B024-ED7EF99612A2}.Debug|x86.ActiveCfg = Debug|Any CPU
		{CEF21172-258C-4D0D-B024-ED7EF99612A2}.Release|Any CPU.ActiveCfg = Release|Any CPU
		{CEF21172-258C-4D0D-B024-ED7EF99612A2}.Release|Any CPU.Build.0 = Release|Any CPU
		{CEF21172-258C-4D0D-B024-ED7EF99612A2}.Release|Mixed Platforms.ActiveCfg = Release|Any CPU
		{CEF21172-258C-4D0D-B024-ED7EF99612A2}.Release|Mixed Platforms.Build.0 = Release|Any CPU
		{CEF21172-258C-4D0D-B024-ED7EF99612A2}.Release|x86.ActiveCfg = Release|Any CPU
		{4624E915-FB86-4DDB-ACA6-A2313F70BA9C}.Debug|Any CPU.ActiveCfg = Debug|Any CPU
		{4624E915-FB86-4DDB-ACA6-A2313F70BA9C}.Debug|Any CPU.Build.0 = Debug|Any CPU
		{4624E915-FB86-4DDB-ACA6-A2313F70BA9C}.Debug|Mixed Platforms.ActiveCfg = Debug|Any CPU
		{4624E915-FB86-4DDB-ACA6-A2313F70BA9C}.Debug|Mixed Platforms.Build.0 = Debug|Any CPU
		{4624E915-FB86-4DDB-ACA6-A2313F70BA9C}.Debug|x86.ActiveCfg = Debug|Any CPU
		{4624E915-FB86-4DDB-ACA6-A2313F70BA9C}.Release|Any CPU.ActiveCfg = Release|Any CPU
		{4624E915-FB86-4DDB-ACA6-A2313F70BA9C}.Release|Any CPU.Build.0 = Release|Any CPU
		{4624E915-FB86-4DDB-ACA6-A2313F70BA9C}.Release|Mixed Platforms.ActiveCfg = Release|Any CPU
		{4624E915-FB86-4DDB-ACA6-A2313F70BA9C}.Release|Mixed Platforms.Build.0 = Release|Any CPU
		{4624E915-FB86-4DDB-ACA6-A2313F70BA9C}.Release|x86.ActiveCfg = Release|Any CPU
		{3624E915-FB86-4DDB-ACA6-A2313F70BA9C}.Debug|Any CPU.ActiveCfg = Debug|Any CPU
		{3624E915-FB86-4DDB-ACA6-A2313F70BA9C}.Debug|Any CPU.Build.0 = Debug|Any CPU
		{3624E915-FB86-4DDB-ACA6-A2313F70BA9C}.Debug|Mixed Platforms.ActiveCfg = Debug|Any CPU
		{3624E915-FB86-4DDB-ACA6-A2313F70BA9C}.Debug|Mixed Platforms.Build.0 = Debug|Any CPU
		{3624E915-FB86-4DDB-ACA6-A2313F70BA9C}.Debug|x86.ActiveCfg = Debug|Any CPU
		{3624E915-FB86-4DDB-ACA6-A2313F70BA9C}.Release|Any CPU.ActiveCfg = Release|Any CPU
		{3624E915-FB86-4DDB-ACA6-A2313F70BA9C}.Release|Any CPU.Build.0 = Release|Any CPU
		{3624E915-FB86-4DDB-ACA6-A2313F70BA9C}.Release|Mixed Platforms.ActiveCfg = Release|Any CPU
		{3624E915-FB86-4DDB-ACA6-A2313F70BA9C}.Release|Mixed Platforms.Build.0 = Release|Any CPU
		{3624E915-FB86-4DDB-ACA6-A2313F70BA9C}.Release|x86.ActiveCfg = Release|Any CPU
		{F1A9A849-66BA-4B7D-AE69-A896B5893418}.Debug|Any CPU.ActiveCfg = Debug|Any CPU
		{F1A9A849-66BA-4B7D-AE69-A896B5893418}.Debug|Mixed Platforms.ActiveCfg = Debug|Any CPU
		{F1A9A849-66BA-4B7D-AE69-A896B5893418}.Debug|x86.ActiveCfg = Debug|Any CPU
		{F1A9A849-66BA-4B7D-AE69-A896B5893418}.Release|Any CPU.ActiveCfg = Release|Any CPU
		{F1A9A849-66BA-4B7D-AE69-A896B5893418}.Release|Mixed Platforms.ActiveCfg = Release|Any CPU
		{F1A9A849-66BA-4B7D-AE69-A896B5893418}.Release|Mixed Platforms.Build.0 = Release|Any CPU
		{F1A9A849-66BA-4B7D-AE69-A896B5893418}.Release|x86.ActiveCfg = Release|Any CPU
		{F1A9A849-66BA-4B7D-AE69-A896B5893419}.Debug|Any CPU.ActiveCfg = Debug|Any CPU
		{F1A9A849-66BA-4B7D-AE69-A896B5893419}.Debug|Mixed Platforms.ActiveCfg = Debug|Any CPU
		{F1A9A849-66BA-4B7D-AE69-A896B5893419}.Debug|x86.ActiveCfg = Debug|Any CPU
		{F1A9A849-66BA-4B7D-AE69-A896B5893419}.Release|Any CPU.ActiveCfg = Release|Any CPU
		{F1A9A849-66BA-4B7D-AE69-A896B5893419}.Release|Mixed Platforms.ActiveCfg = Release|Any CPU
		{F1A9A849-66BA-4B7D-AE69-A896B5893419}.Release|Mixed Platforms.Build.0 = Release|Any CPU
		{F1A9A849-66BA-4B7D-AE69-A896B5893419}.Release|x86.ActiveCfg = Release|Any CPU
		{2FBAC16E-457D-472B-880D-8D393F8A7827}.Debug|Any CPU.ActiveCfg = Debug|Any CPU
		{2FBAC16E-457D-472B-880D-8D393F8A7827}.Debug|Any CPU.Build.0 = Debug|Any CPU
		{2FBAC16E-457D-472B-880D-8D393F8A7827}.Debug|Mixed Platforms.ActiveCfg = Debug|Any CPU
		{2FBAC16E-457D-472B-880D-8D393F8A7827}.Debug|Mixed Platforms.Build.0 = Debug|Any CPU
		{2FBAC16E-457D-472B-880D-8D393F8A7827}.Debug|x86.ActiveCfg = Debug|Any CPU
		{2FBAC16E-457D-472B-880D-8D393F8A7827}.Release|Any CPU.ActiveCfg = Release|Any CPU
		{2FBAC16E-457D-472B-880D-8D393F8A7827}.Release|Any CPU.Build.0 = Release|Any CPU
		{2FBAC16E-457D-472B-880D-8D393F8A7827}.Release|Mixed Platforms.ActiveCfg = Release|Any CPU
		{2FBAC16E-457D-472B-880D-8D393F8A7827}.Release|Mixed Platforms.Build.0 = Release|Any CPU
		{2FBAC16E-457D-472B-880D-8D393F8A7827}.Release|x86.ActiveCfg = Release|Any CPU
	EndGlobalSection
	GlobalSection(SolutionProperties) = preSolution
		HideSolutionNode = FALSE
	EndGlobalSection
EndGlobal
